// !$*UTF8*$!
{
	archiveVersion = 1;
	classes = {
	};
	objectVersion = 50;
	objects = {

/* Begin PBXBuildFile section */
		B864EA82223FEE7E0078C327 /* AppDelegate.swift in Sources */ = {isa = PBXBuildFile; fileRef = B864EA81223FEE7E0078C327 /* AppDelegate.swift */; };
		B864EA84223FEE7E0078C327 /* ViewController.swift in Sources */ = {isa = PBXBuildFile; fileRef = B864EA83223FEE7E0078C327 /* ViewController.swift */; };
		B864EA87223FEE7E0078C327 /* Main.storyboard in Resources */ = {isa = PBXBuildFile; fileRef = B864EA85223FEE7E0078C327 /* Main.storyboard */; };
		B864EA89223FEE7F0078C327 /* Assets.xcassets in Resources */ = {isa = PBXBuildFile; fileRef = B864EA88223FEE7F0078C327 /* Assets.xcassets */; };
		B864EA8C223FEE7F0078C327 /* LaunchScreen.storyboard in Resources */ = {isa = PBXBuildFile; fileRef = B864EA8A223FEE7F0078C327 /* LaunchScreen.storyboard */; };
		B864EA97223FEE7F0078C327 /* ParstagramTests.swift in Sources */ = {isa = PBXBuildFile; fileRef = B864EA96223FEE7F0078C327 /* ParstagramTests.swift */; };
		B864EAA2223FEE7F0078C327 /* ParstagramUITests.swift in Sources */ = {isa = PBXBuildFile; fileRef = B864EAA1223FEE7F0078C327 /* ParstagramUITests.swift */; };
/* End PBXBuildFile section */

/* Begin PBXContainerItemProxy section */
		B864EA93223FEE7F0078C327 /* PBXContainerItemProxy */ = {
			isa = PBXContainerItemProxy;
			containerPortal = B864EA76223FEE7D0078C327 /* Project object */;
			proxyType = 1;
			remoteGlobalIDString = B864EA7D223FEE7E0078C327;
			remoteInfo = Parstagram;
		};
		B864EA9E223FEE7F0078C327 /* PBXContainerItemProxy */ = {
			isa = PBXContainerItemProxy;
			containerPortal = B864EA76223FEE7D0078C327 /* Project object */;
			proxyType = 1;
			remoteGlobalIDString = B864EA7D223FEE7E0078C327;
			remoteInfo = Parstagram;
		};
/* End PBXContainerItemProxy section */

/* Begin PBXFileReference section */
		B864EA7E223FEE7E0078C327 /* Parstagram.app */ = {isa = PBXFileReference; explicitFileType = wrapper.application; includeInIndex = 0; path = Parstagram.app; sourceTree = BUILT_PRODUCTS_DIR; };
		B864EA81223FEE7E0078C327 /* AppDelegate.swift */ = {isa = PBXFileReference; lastKnownFileType = sourcecode.swift; path = AppDelegate.swift; sourceTree = "<group>"; };
		B864EA83223FEE7E0078C327 /* ViewController.swift */ = {isa = PBXFileReference; lastKnownFileType = sourcecode.swift; path = ViewController.swift; sourceTree = "<group>"; };
		B864EA86223FEE7E0078C327 /* Base */ = {isa = PBXFileReference; lastKnownFileType = file.storyboard; name = Base; path = Base.lproj/Main.storyboard; sourceTree = "<group>"; };
		B864EA88223FEE7F0078C327 /* Assets.xcassets */ = {isa = PBXFileReference; lastKnownFileType = folder.assetcatalog; path = Assets.xcassets; sourceTree = "<group>"; };
		B864EA8B223FEE7F0078C327 /* Base */ = {isa = PBXFileReference; lastKnownFileType = file.storyboard; name = Base; path = Base.lproj/LaunchScreen.storyboard; sourceTree = "<group>"; };
		B864EA8D223FEE7F0078C327 /* Info.plist */ = {isa = PBXFileReference; lastKnownFileType = text.plist.xml; path = Info.plist; sourceTree = "<group>"; };
		B864EA92223FEE7F0078C327 /* ParstagramTests.xctest */ = {isa = PBXFileReference; explicitFileType = wrapper.cfbundle; includeInIndex = 0; path = ParstagramTests.xctest; sourceTree = BUILT_PRODUCTS_DIR; };
		B864EA96223FEE7F0078C327 /* ParstagramTests.swift */ = {isa = PBXFileReference; lastKnownFileType = sourcecode.swift; path = ParstagramTests.swift; sourceTree = "<group>"; };
		B864EA98223FEE7F0078C327 /* Info.plist */ = {isa = PBXFileReference; lastKnownFileType = text.plist.xml; path = Info.plist; sourceTree = "<group>"; };
		B864EA9D223FEE7F0078C327 /* ParstagramUITests.xctest */ = {isa = PBXFileReference; explicitFileType = wrapper.cfbundle; includeInIndex = 0; path = ParstagramUITests.xctest; sourceTree = BUILT_PRODUCTS_DIR; };
		B864EAA1223FEE7F0078C327 /* ParstagramUITests.swift */ = {isa = PBXFileReference; lastKnownFileType = sourcecode.swift; path = ParstagramUITests.swift; sourceTree = "<group>"; };
		B864EAA3223FEE7F0078C327 /* Info.plist */ = {isa = PBXFileReference; lastKnownFileType = text.plist.xml; path = Info.plist; sourceTree = "<group>"; };
/* End PBXFileReference section */

/* Begin PBXFrameworksBuildPhase section */
		B864EA7B223FEE7E0078C327 /* Frameworks */ = {
			isa = PBXFrameworksBuildPhase;
			buildActionMask = 2147483647;
			files = (
			);
			runOnlyForDeploymentPostprocessing = 0;
		};
		B864EA8F223FEE7F0078C327 /* Frameworks */ = {
			isa = PBXFrameworksBuildPhase;
			buildActionMask = 2147483647;
			files = (
			);
			runOnlyForDeploymentPostprocessing = 0;
		};
		B864EA9A223FEE7F0078C327 /* Frameworks */ = {
			isa = PBXFrameworksBuildPhase;
			buildActionMask = 2147483647;
			files = (
			);
			runOnlyForDeploymentPostprocessing = 0;
		};
/* End PBXFrameworksBuildPhase section */

/* Begin PBXGroup section */
		B864EA75223FEE7D0078C327 = {
			isa = PBXGroup;
			children = (
				B864EA80223FEE7E0078C327 /* Parstagram */,
				B864EA95223FEE7F0078C327 /* ParstagramTests */,
				B864EAA0223FEE7F0078C327 /* ParstagramUITests */,
				B864EA7F223FEE7E0078C327 /* Products */,
			);
			sourceTree = "<group>";
		};
		B864EA7F223FEE7E0078C327 /* Products */ = {
			isa = PBXGroup;
			children = (
				B864EA7E223FEE7E0078C327 /* Parstagram.app */,
				B864EA92223FEE7F0078C327 /* ParstagramTests.xctest */,
				B864EA9D223FEE7F0078C327 /* ParstagramUITests.xctest */,
			);
			name = Products;
			sourceTree = "<group>";
		};
		B864EA80223FEE7E0078C327 /* Parstagram */ = {
			isa = PBXGroup;
			children = (
				B864EA81223FEE7E0078C327 /* AppDelegate.swift */,
				B864EA83223FEE7E0078C327 /* ViewController.swift */,
				B864EA85223FEE7E0078C327 /* Main.storyboard */,
				B864EA88223FEE7F0078C327 /* Assets.xcassets */,
				B864EA8A223FEE7F0078C327 /* LaunchScreen.storyboard */,
				B864EA8D223FEE7F0078C327 /* Info.plist */,
			);
			path = Parstagram;
			sourceTree = "<group>";
		};
		B864EA95223FEE7F0078C327 /* ParstagramTests */ = {
			isa = PBXGroup;
			children = (
				B864EA96223FEE7F0078C327 /* ParstagramTests.swift */,
				B864EA98223FEE7F0078C327 /* Info.plist */,
			);
			path = ParstagramTests;
			sourceTree = "<group>";
		};
		B864EAA0223FEE7F0078C327 /* ParstagramUITests */ = {
			isa = PBXGroup;
			children = (
				B864EAA1223FEE7F0078C327 /* ParstagramUITests.swift */,
				B864EAA3223FEE7F0078C327 /* Info.plist */,
			);
			path = ParstagramUITests;
			sourceTree = "<group>";
		};
/* End PBXGroup section */

/* Begin PBXNativeTarget section */
		B864EA7D223FEE7E0078C327 /* Parstagram */ = {
			isa = PBXNativeTarget;
			buildConfigurationList = B864EAA6223FEE7F0078C327 /* Build configuration list for PBXNativeTarget "Parstagram" */;
			buildPhases = (
				B864EA7A223FEE7E0078C327 /* Sources */,
				B864EA7B223FEE7E0078C327 /* Frameworks */,
				B864EA7C223FEE7E0078C327 /* Resources */,
			);
			buildRules = (
			);
			dependencies = (
			);
			name = Parstagram;
			productName = Parstagram;
			productReference = B864EA7E223FEE7E0078C327 /* Parstagram.app */;
			productType = "com.apple.product-type.application";
		};
		B864EA91223FEE7F0078C327 /* ParstagramTests */ = {
			isa = PBXNativeTarget;
			buildConfigurationList = B864EAA9223FEE7F0078C327 /* Build configuration list for PBXNativeTarget "ParstagramTests" */;
			buildPhases = (
				B864EA8E223FEE7F0078C327 /* Sources */,
				B864EA8F223FEE7F0078C327 /* Frameworks */,
				B864EA90223FEE7F0078C327 /* Resources */,
			);
			buildRules = (
			);
			dependencies = (
				B864EA94223FEE7F0078C327 /* PBXTargetDependency */,
			);
			name = ParstagramTests;
			productName = ParstagramTests;
			productReference = B864EA92223FEE7F0078C327 /* ParstagramTests.xctest */;
			productType = "com.apple.product-type.bundle.unit-test";
		};
		B864EA9C223FEE7F0078C327 /* ParstagramUITests */ = {
			isa = PBXNativeTarget;
			buildConfigurationList = B864EAAC223FEE7F0078C327 /* Build configuration list for PBXNativeTarget "ParstagramUITests" */;
			buildPhases = (
				B864EA99223FEE7F0078C327 /* Sources */,
				B864EA9A223FEE7F0078C327 /* Frameworks */,
				B864EA9B223FEE7F0078C327 /* Resources */,
			);
			buildRules = (
			);
			dependencies = (
				B864EA9F223FEE7F0078C327 /* PBXTargetDependency */,
			);
			name = ParstagramUITests;
			productName = ParstagramUITests;
			productReference = B864EA9D223FEE7F0078C327 /* ParstagramUITests.xctest */;
			productType = "com.apple.product-type.bundle.ui-testing";
		};
/* End PBXNativeTarget section */

/* Begin PBXProject section */
		B864EA76223FEE7D0078C327 /* Project object */ = {
			isa = PBXProject;
			attributes = {
				LastSwiftUpdateCheck = 1010;
				LastUpgradeCheck = 1010;
				ORGANIZATIONNAME = "Wade Li";
				TargetAttributes = {
					B864EA7D223FEE7E0078C327 = {
						CreatedOnToolsVersion = 10.1;
					};
					B864EA91223FEE7F0078C327 = {
						CreatedOnToolsVersion = 10.1;
						TestTargetID = B864EA7D223FEE7E0078C327;
					};
					B864EA9C223FEE7F0078C327 = {
						CreatedOnToolsVersion = 10.1;
						TestTargetID = B864EA7D223FEE7E0078C327;
					};
				};
			};
			buildConfigurationList = B864EA79223FEE7D0078C327 /* Build configuration list for PBXProject "Parstagram" */;
			compatibilityVersion = "Xcode 9.3";
			developmentRegion = en;
			hasScannedForEncodings = 0;
			knownRegions = (
				en,
				Base,
			);
			mainGroup = B864EA75223FEE7D0078C327;
			productRefGroup = B864EA7F223FEE7E0078C327 /* Products */;
			projectDirPath = "";
			projectRoot = "";
			targets = (
				B864EA7D223FEE7E0078C327 /* Parstagram */,
				B864EA91223FEE7F0078C327 /* ParstagramTests */,
				B864EA9C223FEE7F0078C327 /* ParstagramUITests */,
			);
		};
/* End PBXProject section */

/* Begin PBXResourcesBuildPhase section */
		B864EA7C223FEE7E0078C327 /* Resources */ = {
			isa = PBXResourcesBuildPhase;
			buildActionMask = 2147483647;
			files = (
				B864EA8C223FEE7F0078C327 /* LaunchScreen.storyboard in Resources */,
				B864EA89223FEE7F0078C327 /* Assets.xcassets in Resources */,
				B864EA87223FEE7E0078C327 /* Main.storyboard in Resources */,
			);
			runOnlyForDeploymentPostprocessing = 0;
		};
		B864EA90223FEE7F0078C327 /* Resources */ = {
			isa = PBXResourcesBuildPhase;
			buildActionMask = 2147483647;
			files = (
			);
			runOnlyForDeploymentPostprocessing = 0;
		};
		B864EA9B223FEE7F0078C327 /* Resources */ = {
			isa = PBXResourcesBuildPhase;
			buildActionMask = 2147483647;
			files = (
			);
			runOnlyForDeploymentPostprocessing = 0;
		};
/* End PBXResourcesBuildPhase section */

/* Begin PBXSourcesBuildPhase section */
		B864EA7A223FEE7E0078C327 /* Sources */ = {
			isa = PBXSourcesBuildPhase;
			buildActionMask = 2147483647;
			files = (
				B864EA84223FEE7E0078C327 /* ViewController.swift in Sources */,
				B864EA82223FEE7E0078C327 /* AppDelegate.swift in Sources */,
			);
			runOnlyForDeploymentPostprocessing = 0;
		};
		B864EA8E223FEE7F0078C327 /* Sources */ = {
			isa = PBXSourcesBuildPhase;
			buildActionMask = 2147483647;
			files = (
				B864EA97223FEE7F0078C327 /* ParstagramTests.swift in Sources */,
			);
			runOnlyForDeploymentPostprocessing = 0;
		};
		B864EA99223FEE7F0078C327 /* Sources */ = {
			isa = PBXSourcesBuildPhase;
			buildActionMask = 2147483647;
			files = (
				B864EAA2223FEE7F0078C327 /* ParstagramUITests.swift in Sources */,
			);
			runOnlyForDeploymentPostprocessing = 0;
		};
/* End PBXSourcesBuildPhase section */

/* Begin PBXTargetDependency section */
		B864EA94223FEE7F0078C327 /* PBXTargetDependency */ = {
			isa = PBXTargetDependency;
			target = B864EA7D223FEE7E0078C327 /* Parstagram */;
			targetProxy = B864EA93223FEE7F0078C327 /* PBXContainerItemProxy */;
		};
		B864EA9F223FEE7F0078C327 /* PBXTargetDependency */ = {
			isa = PBXTargetDependency;
			target = B864EA7D223FEE7E0078C327 /* Parstagram */;
			targetProxy = B864EA9E223FEE7F0078C327 /* PBXContainerItemProxy */;
		};
/* End PBXTargetDependency section */

/* Begin PBXVariantGroup section */
		B864EA85223FEE7E0078C327 /* Main.storyboard */ = {
			isa = PBXVariantGroup;
			children = (
				B864EA86223FEE7E0078C327 /* Base */,
			);
			name = Main.storyboard;
			sourceTree = "<group>";
		};
		B864EA8A223FEE7F0078C327 /* LaunchScreen.storyboard */ = {
			isa = PBXVariantGroup;
			children = (
				B864EA8B223FEE7F0078C327 /* Base */,
			);
			name = LaunchScreen.storyboard;
			sourceTree = "<group>";
		};
/* End PBXVariantGroup section */

/* Begin XCBuildConfiguration section */
		B864EAA4223FEE7F0078C327 /* Debug */ = {
			isa = XCBuildConfiguration;
			buildSettings = {
				ALWAYS_SEARCH_USER_PATHS = NO;
				CLANG_ANALYZER_NONNULL = YES;
				CLANG_ANALYZER_NUMBER_OBJECT_CONVERSION = YES_AGGRESSIVE;
				CLANG_CXX_LANGUAGE_STANDARD = "gnu++14";
				CLANG_CXX_LIBRARY = "libc++";
				CLANG_ENABLE_MODULES = YES;
				CLANG_ENABLE_OBJC_ARC = YES;
				CLANG_ENABLE_OBJC_WEAK = YES;
				CLANG_WARN_BLOCK_CAPTURE_AUTORELEASING = YES;
				CLANG_WARN_BOOL_CONVERSION = YES;
				CLANG_WARN_COMMA = YES;
				CLANG_WARN_CONSTANT_CONVERSION = YES;
				CLANG_WARN_DEPRECATED_OBJC_IMPLEMENTATIONS = YES;
				CLANG_WARN_DIRECT_OBJC_ISA_USAGE = YES_ERROR;
				CLANG_WARN_DOCUMENTATION_COMMENTS = YES;
				CLANG_WARN_EMPTY_BODY = YES;
				CLANG_WARN_ENUM_CONVERSION = YES;
				CLANG_WARN_INFINITE_RECURSION = YES;
				CLANG_WARN_INT_CONVERSION = YES;
				CLANG_WARN_NON_LITERAL_NULL_CONVERSION = YES;
				CLANG_WARN_OBJC_IMPLICIT_RETAIN_SELF = YES;
				CLANG_WARN_OBJC_LITERAL_CONVERSION = YES;
				CLANG_WARN_OBJC_ROOT_CLASS = YES_ERROR;
				CLANG_WARN_RANGE_LOOP_ANALYSIS = YES;
				CLANG_WARN_STRICT_PROTOTYPES = YES;
				CLANG_WARN_SUSPICIOUS_MOVE = YES;
				CLANG_WARN_UNGUARDED_AVAILABILITY = YES_AGGRESSIVE;
				CLANG_WARN_UNREACHABLE_CODE = YES;
				CLANG_WARN__DUPLICATE_METHOD_MATCH = YES;
				CODE_SIGN_IDENTITY = "iPhone Developer";
				COPY_PHASE_STRIP = NO;
				DEBUG_INFORMATION_FORMAT = dwarf;
				ENABLE_STRICT_OBJC_MSGSEND = YES;
				ENABLE_TESTABILITY = YES;
				GCC_C_LANGUAGE_STANDARD = gnu11;
				GCC_DYNAMIC_NO_PIC = NO;
				GCC_NO_COMMON_BLOCKS = YES;
				GCC_OPTIMIZATION_LEVEL = 0;
				GCC_PREPROCESSOR_DEFINITIONS = (
					"DEBUG=1",
					"$(inherited)",
				);
				GCC_WARN_64_TO_32_BIT_CONVERSION = YES;
				GCC_WARN_ABOUT_RETURN_TYPE = YES_ERROR;
				GCC_WARN_UNDECLARED_SELECTOR = YES;
				GCC_WARN_UNINITIALIZED_AUTOS = YES_AGGRESSIVE;
				GCC_WARN_UNUSED_FUNCTION = YES;
				GCC_WARN_UNUSED_VARIABLE = YES;
				IPHONEOS_DEPLOYMENT_TARGET = 12.1;
				MTL_ENABLE_DEBUG_INFO = INCLUDE_SOURCE;
				MTL_FAST_MATH = YES;
				ONLY_ACTIVE_ARCH = YES;
				SDKROOT = iphoneos;
				SWIFT_ACTIVE_COMPILATION_CONDITIONS = DEBUG;
				SWIFT_OPTIMIZATION_LEVEL = "-Onone";
			};
			name = Debug;
		};
		B864EAA5223FEE7F0078C327 /* Release */ = {
			isa = XCBuildConfiguration;
			buildSettings = {
				ALWAYS_SEARCH_USER_PATHS = NO;
				CLANG_ANALYZER_NONNULL = YES;
				CLANG_ANALYZER_NUMBER_OBJECT_CONVERSION = YES_AGGRESSIVE;
				CLANG_CXX_LANGUAGE_STANDARD = "gnu++14";
				CLANG_CXX_LIBRARY = "libc++";
				CLANG_ENABLE_MODULES = YES;
				CLANG_ENABLE_OBJC_ARC = YES;
				CLANG_ENABLE_OBJC_WEAK = YES;
				CLANG_WARN_BLOCK_CAPTURE_AUTORELEASING = YES;
				CLANG_WARN_BOOL_CONVERSION = YES;
				CLANG_WARN_COMMA = YES;
				CLANG_WARN_CONSTANT_CONVERSION = YES;
				CLANG_WARN_DEPRECATED_OBJC_IMPLEMENTATIONS = YES;
				CLANG_WARN_DIRECT_OBJC_ISA_USAGE = YES_ERROR;
				CLANG_WARN_DOCUMENTATION_COMMENTS = YES;
				CLANG_WARN_EMPTY_BODY = YES;
				CLANG_WARN_ENUM_CONVERSION = YES;
				CLANG_WARN_INFINITE_RECURSION = YES;
				CLANG_WARN_INT_CONVERSION = YES;
				CLANG_WARN_NON_LITERAL_NULL_CONVERSION = YES;
				CLANG_WARN_OBJC_IMPLICIT_RETAIN_SELF = YES;
				CLANG_WARN_OBJC_LITERAL_CONVERSION = YES;
				CLANG_WARN_OBJC_ROOT_CLASS = YES_ERROR;
				CLANG_WARN_RANGE_LOOP_ANALYSIS = YES;
				CLANG_WARN_STRICT_PROTOTYPES = YES;
				CLANG_WARN_SUSPICIOUS_MOVE = YES;
				CLANG_WARN_UNGUARDED_AVAILABILITY = YES_AGGRESSIVE;
				CLANG_WARN_UNREACHABLE_CODE = YES;
				CLANG_WARN__DUPLICATE_METHOD_MATCH = YES;
				CODE_SIGN_IDENTITY = "iPhone Developer";
				COPY_PHASE_STRIP = NO;
				DEBUG_INFORMATION_FORMAT = "dwarf-with-dsym";
				ENABLE_NS_ASSERTIONS = NO;
				ENABLE_STRICT_OBJC_MSGSEND = YES;
				GCC_C_LANGUAGE_STANDARD = gnu11;
				GCC_NO_COMMON_BLOCKS = YES;
				GCC_WARN_64_TO_32_BIT_CONVERSION = YES;
				GCC_WARN_ABOUT_RETURN_TYPE = YES_ERROR;
				GCC_WARN_UNDECLARED_SELECTOR = YES;
				GCC_WARN_UNINITIALIZED_AUTOS = YES_AGGRESSIVE;
				GCC_WARN_UNUSED_FUNCTION = YES;
				GCC_WARN_UNUSED_VARIABLE = YES;
				IPHONEOS_DEPLOYMENT_TARGET = 12.1;
				MTL_ENABLE_DEBUG_INFO = NO;
				MTL_FAST_MATH = YES;
				SDKROOT = iphoneos;
				SWIFT_COMPILATION_MODE = wholemodule;
				SWIFT_OPTIMIZATION_LEVEL = "-O";
				VALIDATE_PRODUCT = YES;
			};
			name = Release;
		};
		B864EAA7223FEE7F0078C327 /* Debug */ = {
			isa = XCBuildConfiguration;
			buildSettings = {
				ASSETCATALOG_COMPILER_APPICON_NAME = AppIcon;
				CODE_SIGN_STYLE = Automatic;
				INFOPLIST_FILE = Parstagram/Info.plist;
				LD_RUNPATH_SEARCH_PATHS = (
					"$(inherited)",
					"@executable_path/Frameworks",
				);
				PRODUCT_BUNDLE_IDENTIFIER = wade.Parstagram;
				PRODUCT_NAME = "$(TARGET_NAME)";
				SWIFT_VERSION = 4.2;
				TARGETED_DEVICE_FAMILY = "1,2";
			};
			name = Debug;
		};
		B864EAA8223FEE7F0078C327 /* Release */ = {
			isa = XCBuildConfiguration;
			buildSettings = {
				ASSETCATALOG_COMPILER_APPICON_NAME = AppIcon;
				CODE_SIGN_STYLE = Automatic;
				INFOPLIST_FILE = Parstagram/Info.plist;
				LD_RUNPATH_SEARCH_PATHS = (
					"$(inherited)",
					"@executable_path/Frameworks",
				);
				PRODUCT_BUNDLE_IDENTIFIER = wade.Parstagram;
				PRODUCT_NAME = "$(TARGET_NAME)";
				SWIFT_VERSION = 4.2;
				TARGETED_DEVICE_FAMILY = "1,2";
			};
			name = Release;
		};
		B864EAAA223FEE7F0078C327 /* Debug */ = {
			isa = XCBuildConfiguration;
			buildSettings = {
				ALWAYS_EMBED_SWIFT_STANDARD_LIBRARIES = YES;
				BUNDLE_LOADER = "$(TEST_HOST)";
				CODE_SIGN_STYLE = Automatic;
				INFOPLIST_FILE = ParstagramTests/Info.plist;
				LD_RUNPATH_SEARCH_PATHS = (
					"$(inherited)",
					"@executable_path/Frameworks",
					"@loader_path/Frameworks",
				);
				PRODUCT_BUNDLE_IDENTIFIER = wade.ParstagramTests;
				PRODUCT_NAME = "$(TARGET_NAME)";
				SWIFT_VERSION = 4.2;
				TARGETED_DEVICE_FAMILY = "1,2";
				TEST_HOST = "$(BUILT_PRODUCTS_DIR)/Parstagram.app/Parstagram";
			};
			name = Debug;
		};
		B864EAAB223FEE7F0078C327 /* Release */ = {
			isa = XCBuildConfiguration;
			buildSettings = {
				ALWAYS_EMBED_SWIFT_STANDARD_LIBRARIES = YES;
				BUNDLE_LOADER = "$(TEST_HOST)";
				CODE_SIGN_STYLE = Automatic;
				INFOPLIST_FILE = ParstagramTests/Info.plist;
				LD_RUNPATH_SEARCH_PATHS = (
					"$(inherited)",
					"@executable_path/Frameworks",
					"@loader_path/Frameworks",
				);
				PRODUCT_BUNDLE_IDENTIFIER = wade.ParstagramTests;
				PRODUCT_NAME = "$(TARGET_NAME)";
				SWIFT_VERSION = 4.2;
				TARGETED_DEVICE_FAMILY = "1,2";
				TEST_HOST = "$(BUILT_PRODUCTS_DIR)/Parstagram.app/Parstagram";
			};
			name = Release;
		};
		B864EAAD223FEE7F0078C327 /* Debug */ = {
			isa = XCBuildConfiguration;
			buildSettings = {
				ALWAYS_EMBED_SWIFT_STANDARD_LIBRARIES = YES;
				CODE_SIGN_STYLE = Automatic;
				INFOPLIST_FILE = ParstagramUITests/Info.plist;
				LD_RUNPATH_SEARCH_PATHS = (
					"$(inherited)",
					"@executable_path/Frameworks",
					"@loader_path/Frameworks",
				);
				PRODUCT_BUNDLE_IDENTIFIER = wade.ParstagramUITests;
				PRODUCT_NAME = "$(TARGET_NAME)";
				SWIFT_VERSION = 4.2;
				TARGETED_DEVICE_FAMILY = "1,2";
				TEST_TARGET_NAME = Parstagram;
			};
			name = Debug;
		};
		B864EAAE223FEE7F0078C327 /* Release */ = {
			isa = XCBuildConfiguration;
			buildSettings = {
				ALWAYS_EMBED_SWIFT_STANDARD_LIBRARIES = YES;
				CODE_SIGN_STYLE = Automatic;
				INFOPLIST_FILE = ParstagramUITests/Info.plist;
				LD_RUNPATH_SEARCH_PATHS = (
					"$(inherited)",
					"@executable_path/Frameworks",
					"@loader_path/Frameworks",
				);
				PRODUCT_BUNDLE_IDENTIFIER = wade.ParstagramUITests;
				PRODUCT_NAME = "$(TARGET_NAME)";
				SWIFT_VERSION = 4.2;
				TARGETED_DEVICE_FAMILY = "1,2";
				TEST_TARGET_NAME = Parstagram;
			};
			name = Release;
		};
/* End XCBuildConfiguration section */

/* Begin XCConfigurationList section */
		B864EA79223FEE7D0078C327 /* Build configuration list for PBXProject "Parstagram" */ = {
			isa = XCConfigurationList;
			buildConfigurations = (
				B864EAA4223FEE7F0078C327 /* Debug */,
				B864EAA5223FEE7F0078C327 /* Release */,
			);
			defaultConfigurationIsVisible = 0;
			defaultConfigurationName = Release;
		};
		B864EAA6223FEE7F0078C327 /* Build configuration list for PBXNativeTarget "Parstagram" */ = {
			isa = XCConfigurationList;
			buildConfigurations = (
				B864EAA7223FEE7F0078C327 /* Debug */,
				B864EAA8223FEE7F0078C327 /* Release */,
			);
			defaultConfigurationIsVisible = 0;
			defaultConfigurationName = Release;
		};
		B864EAA9223FEE7F0078C327 /* Build configuration list for PBXNativeTarget "ParstagramTests" */ = {
			isa = XCConfigurationList;
			buildConfigurations = (
				B864EAAA223FEE7F0078C327 /* Debug */,
				B864EAAB223FEE7F0078C327 /* Release */,
			);
			defaultConfigurationIsVisible = 0;
			defaultConfigurationName = Release;
		};
		B864EAAC223FEE7F0078C327 /* Build configuration list for PBXNativeTarget "ParstagramUITests" */ = {
			isa = XCConfigurationList;
			buildConfigurations = (
				B864EAAD223FEE7F0078C327 /* Debug */,
				B864EAAE223FEE7F0078C327 /* Release */,
			);
			defaultConfigurationIsVisible = 0;
			defaultConfigurationName = Release;
		};
/* End XCConfigurationList section */
	};
	rootObject = B864EA76223FEE7D0078C327 /* Project object */;
}
